<?xml version="1.0" encoding="utf-8"?>
<Project ToolsVersion="4.0" xmlns="http://schemas.microsoft.com/developer/msbuild/2003">
  <ItemGroup>
    <Filter Include="소스 파일">
      <UniqueIdentifier>{4FC737F1-C7A5-4376-A066-2A32D752A2FF}</UniqueIdentifier>
      <Extensions>cpp;c;cc;cxx;def;odl;idl;hpj;bat;asm;asmx</Extensions>
    </Filter>
    <Filter Include="헤더 파일">
      <UniqueIdentifier>{93995380-89BD-4b04-88EB-625FBE52EBFB}</UniqueIdentifier>
      <Extensions>h;hh;hpp;hxx;hm;inl;inc;ipp;xsd</Extensions>
    </Filter>
    <Filter Include="리소스 파일">
      <UniqueIdentifier>{67DA6AB6-F800-4c08-8B7A-83BB121AAD01}</UniqueIdentifier>
      <Extensions>rc;ico;cur;bmp;dlg;rc2;rct;bin;rgs;gif;jpg;jpeg;jpe;resx;tiff;tif;png;wav;mfcribbon-ms</Extensions>
    </Filter>
    <Filter Include="소스 파일\access_manager">
      <UniqueIdentifier>{f2849ed8-bc22-4e98-aca1-032a193cc1e2}</UniqueIdentifier>
    </Filter>
    <Filter Include="소스 파일\storage_manager">
      <UniqueIdentifier>{48d46352-7275-4e80-a467-e51fac3a9a06}</UniqueIdentifier>
    </Filter>
    <Filter Include="소스 파일\secure_storage_manager">
      <UniqueIdentifier>{83f2bcb6-9d7f-441a-a538-ce6d7f1c4559}</UniqueIdentifier>
    </Filter>
    <Filter Include="헤더 파일\access_manager">
      <UniqueIdentifier>{643e3053-4e31-46e7-8e24-63cd95a41e91}</UniqueIdentifier>
    </Filter>
    <Filter Include="헤더 파일\storage_manager">
      <UniqueIdentifier>{d74b5169-dc15-4cd9-b316-ea0b41b52325}</UniqueIdentifier>
    </Filter>
    <Filter Include="헤더 파일\secure_storage_manager">
      <UniqueIdentifier>{8d16c549-32fb-43d4-a66e-428dacc2b612}</UniqueIdentifier>
    </Filter>
  </ItemGroup>
  <ItemGroup>
    <ClInclude Include="EditPassword.h">
      <Filter>헤더 파일</Filter>
    </ClInclude>
    <ClInclude Include="EditPasswordDlg.h">
      <Filter>헤더 파일</Filter>
    </ClInclude>
    <ClInclude Include="framework.h">
      <Filter>헤더 파일</Filter>
    </ClInclude>
    <ClInclude Include="targetver.h">
      <Filter>헤더 파일</Filter>
    </ClInclude>
    <ClInclude Include="Resource.h">
      <Filter>헤더 파일</Filter>
    </ClInclude>
    <ClInclude Include="pch.h">
      <Filter>헤더 파일</Filter>
    </ClInclude>
    <ClInclude Include="CheckPassword.h">
      <Filter>헤더 파일</Filter>
    </ClInclude>
    <ClInclude Include="ChangePassword.h">
      <Filter>헤더 파일\storage_manager</Filter>
    </ClInclude>
  </ItemGroup>
  <ItemGroup>
    <ClCompile Include="EditPassword.cpp">
      <Filter>소스 파일</Filter>
    </ClCompile>
    <ClCompile Include="EditPasswordDlg.cpp">
      <Filter>소스 파일</Filter>
    </ClCompile>
    <ClCompile Include="pch.cpp">
      <Filter>소스 파일</Filter>
    </ClCompile>
    <ClCompile Include="CheckPassword.cpp">
      <Filter>소스 파일</Filter>
    </ClCompile>
    <ClCompile Include="ChangePassword.cpp">
      <Filter>소스 파일\storage_manager</Filter>
    </ClCompile>
  </ItemGroup>
  <ItemGroup>
    <ResourceCompile Include="EditPassword.rc">
      <Filter>리소스 파일</Filter>
    </ResourceCompile>
  </ItemGroup>
  <ItemGroup>
    <None Include="res\EditPassword.rc2">
      <Filter>리소스 파일</Filter>
    </None>
  </ItemGroup>
  <ItemGroup>
    <Image Include="res\EditPassword.ico">
      <Filter>리소스 파일</Filter>
    </Image>
  </ItemGroup>
</Project>