<?xml version="1.0" encoding="utf-8"?>
<Project ToolsVersion="4.0" xmlns="http://schemas.microsoft.com/developer/msbuild/2003">
  <ItemGroup>
    <Filter Include="소스 파일">
      <UniqueIdentifier>{4FC737F1-C7A5-4376-A066-2A32D752A2FF}</UniqueIdentifier>
      <Extensions>cpp;c;cc;cxx;def;odl;idl;hpj;bat;asm;asmx</Extensions>
    </Filter>
    <Filter Include="헤더 파일">
      <UniqueIdentifier>{93995380-89BD-4b04-88EB-625FBE52EBFB}</UniqueIdentifier>
      <Extensions>h;hh;hpp;hxx;hm;inl;inc;ipp;xsd</Extensions>
    </Filter>
    <Filter Include="리소스 파일">
      <UniqueIdentifier>{67DA6AB6-F800-4c08-8B7A-83BB121AAD01}</UniqueIdentifier>
      <Extensions>rc;ico;cur;bmp;dlg;rc2;rct;bin;rgs;gif;jpg;jpeg;jpe;resx;tiff;tif;png;wav;mfcribbon-ms</Extensions>
    </Filter>
    <Filter Include="소스 파일\camera_manager">
      <UniqueIdentifier>{ae62c6f6-34f4-4a92-b3a6-c9b21a4b835f}</UniqueIdentifier>
    </Filter>
    <Filter Include="소스 파일\access_manager">
      <UniqueIdentifier>{378e9436-e9d1-4474-8e1d-5725169c36de}</UniqueIdentifier>
    </Filter>
    <Filter Include="헤더 파일\camera_manager">
      <UniqueIdentifier>{e69fc362-aa5d-4936-b7f5-1f9dffab0520}</UniqueIdentifier>
    </Filter>
    <Filter Include="헤더 파일\access_manager">
      <UniqueIdentifier>{4a93ab5b-bdc9-4ff3-88ae-b87f2084b2ee}</UniqueIdentifier>
    </Filter>
  </ItemGroup>
  <ItemGroup>
    <ClInclude Include="DogIdentification.h">
      <Filter>헤더 파일</Filter>
    </ClInclude>
    <ClInclude Include="DogIdentificationDlg.h">
      <Filter>헤더 파일</Filter>
    </ClInclude>
    <ClInclude Include="framework.h">
      <Filter>헤더 파일</Filter>
    </ClInclude>
    <ClInclude Include="targetver.h">
      <Filter>헤더 파일</Filter>
    </ClInclude>
    <ClInclude Include="Resource.h">
      <Filter>헤더 파일</Filter>
    </ClInclude>
    <ClInclude Include="stdafx.h">
      <Filter>헤더 파일</Filter>
    </ClInclude>
    <ClInclude Include="CameraMgr.h">
      <Filter>헤더 파일\camera_manager</Filter>
    </ClInclude>
    <ClInclude Include="UserPassword.h">
      <Filter>헤더 파일</Filter>
    </ClInclude>
    <ClInclude Include="StorageMgr.h">
      <Filter>헤더 파일</Filter>
    </ClInclude>
    <ClInclude Include="include\error_define.h">
      <Filter>헤더 파일</Filter>
    </ClInclude>
    <ClInclude Include="include\my_system.h">
      <Filter>헤더 파일</Filter>
    </ClInclude>
    <ClInclude Include="include\my_define.h">
      <Filter>헤더 파일</Filter>
    </ClInclude>
    <ClInclude Include="Util.h">
      <Filter>헤더 파일</Filter>
    </ClInclude>
    <ClInclude Include="Login.h">
      <Filter>헤더 파일</Filter>
    </ClInclude>
    <ClInclude Include="CheckPassword.h">
      <Filter>헤더 파일</Filter>
    </ClInclude>
    <ClInclude Include="ChangePassword.h">
      <Filter>헤더 파일</Filter>
    </ClInclude>
    <ClInclude Include="SearchDogInfo.h">
      <Filter>헤더 파일</Filter>
    </ClInclude>
    <ClInclude Include="DogRegister.h">
      <Filter>헤더 파일</Filter>
    </ClInclude>
    <ClInclude Include="source\inc\access_manger\AccessMgr.h">
      <Filter>헤더 파일\access_manager</Filter>
    </ClInclude>
    <ClInclude Include="MainDialog.h">
      <Filter>헤더 파일</Filter>
    </ClInclude>
    <ClInclude Include="EditPassword.h">
      <Filter>헤더 파일</Filter>
    </ClInclude>
    <ClInclude Include="include\ko_string.h">
      <Filter>헤더 파일</Filter>
    </ClInclude>
  </ItemGroup>
  <ItemGroup>
    <ClCompile Include="DogIdentification.cpp">
      <Filter>소스 파일</Filter>
    </ClCompile>
    <ClCompile Include="DogIdentificationDlg.cpp">
      <Filter>소스 파일</Filter>
    </ClCompile>
    <ClCompile Include="stdafx.cpp">
      <Filter>소스 파일</Filter>
    </ClCompile>
    <ClCompile Include="CameraMgr.cpp">
      <Filter>소스 파일\camera_manager</Filter>
    </ClCompile>
    <ClCompile Include="UserPassword.cpp">
      <Filter>소스 파일</Filter>
    </ClCompile>
    <ClCompile Include="StorageMgr.cpp">
      <Filter>소스 파일</Filter>
    </ClCompile>
    <ClCompile Include="Util.cpp">
      <Filter>소스 파일</Filter>
    </ClCompile>
    <ClCompile Include="Login.cpp">
      <Filter>소스 파일</Filter>
    </ClCompile>
    <ClCompile Include="EditPassword.cpp">
      <Filter>소스 파일</Filter>
    </ClCompile>
    <ClCompile Include="CheckPassword.cpp">
      <Filter>소스 파일</Filter>
    </ClCompile>
    <ClCompile Include="ChangePassword.cpp">
      <Filter>소스 파일</Filter>
    </ClCompile>
    <ClCompile Include="SearchDogInfo.cpp">
      <Filter>소스 파일</Filter>
    </ClCompile>
    <ClCompile Include="DogRegister.cpp">
      <Filter>소스 파일</Filter>
    </ClCompile>
    <ClCompile Include="AccessMgr.cpp">
      <Filter>소스 파일\access_manager</Filter>
    </ClCompile>
    <ClCompile Include="MainDialog.cpp">
      <Filter>소스 파일</Filter>
    </ClCompile>
  </ItemGroup>
  <ItemGroup>
    <ResourceCompile Include="DogIdentification.rc">
      <Filter>리소스 파일</Filter>
    </ResourceCompile>
  </ItemGroup>
  <ItemGroup>
    <None Include="res\DogIdentification.rc2">
      <Filter>리소스 파일</Filter>
    </None>
  </ItemGroup>
  <ItemGroup>
    <Image Include="res\DogIdentification.ico">
      <Filter>리소스 파일</Filter>
    </Image>
  </ItemGroup>
</Project>